
Microsoft Visual Studio Solution File, Format Version 12.00
# Visual Studio Version 16
VisualStudioVersion = 16.0.30711.63
MinimumVisualStudioVersion = 10.0.40219.1
Project("{FAE04EC0-301F-11D3-BF4B-00C04F79EFBC}") = "Lab6", "Lab6.csproj", "{AFF80340-75D1-47CD-BC14-E234B7BD997C}"
EndProject
Global
	GlobalSection(SolutionConfigurationPlatforms) = preSolution
		Debug|Any CPU = Debug|Any CPU
		Release|Any CPU = Release|Any CPU
	EndGlobalSection
	GlobalSection(ProjectConfigurationPlatforms) = postSolution
		{AFF80340-75D1-47CD-BC14-E234B7BD997C}.Debug|Any CPU.ActiveCfg = Debug|Any CPU
		{AFF80340-75D1-47CD-BC14-E234B7BD997C}.Debug|Any CPU.Build.0 = Debug|Any CPU
		{AFF80340-75D1-47CD-BC14-E234B7BD997C}.Release|Any CPU.ActiveCfg = Release|Any CPU
		{AFF80340-75D1-47CD-BC14-E234B7BD997C}.Release|Any CPU.Build.0 = Release|Any CPU
	EndGlobalSection
	GlobalSection(SolutionProperties) = preSolution
		HideSolutionNode = FALSE
	EndGlobalSection
	GlobalSection(ExtensibilityGlobals) = postSolution
		SolutionGuid = {2F21D800-5B41-4876-A166-86036430CF44}
	EndGlobalSection
EndGlobal
